
Microsoft Visual Studio Solution File, Format Version 12.00
# Visual Studio Version 17
VisualStudioVersion = 17.5.002.0
MinimumVisualStudioVersion = 10.0.40219.1
Project("{9A19103F-16F7-4668-BE54-9A1E7A4F7556}") = "VisualGitCmdUnitTest", "VisualGitCmdUnitTest.csproj", "{BAF1CE3C-9BCC-4E64-B915-D55BFA3E9AED}"
EndProject
Global
	GlobalSection(SolutionConfigurationPlatforms) = preSolution
		Debug|Any CPU = Debug|Any CPU
		Release|Any CPU = Release|Any CPU
	EndGlobalSection
	GlobalSection(ProjectConfigurationPlatforms) = postSolution
		{BAF1CE3C-9BCC-4E64-B915-D55BFA3E9AED}.Debug|Any CPU.ActiveCfg = Debug|Any CPU
		{BAF1CE3C-9BCC-4E64-B915-D55BFA3E9AED}.Debug|Any CPU.Build.0 = Debug|Any CPU
		{BAF1CE3C-9BCC-4E64-B915-D55BFA3E9AED}.Release|Any CPU.ActiveCfg = Release|Any CPU
		{BAF1CE3C-9BCC-4E64-B915-D55BFA3E9AED}.Release|Any CPU.Build.0 = Release|Any CPU
	EndGlobalSection
	GlobalSection(SolutionProperties) = preSolution
		HideSolutionNode = FALSE
	EndGlobalSection
	GlobalSection(ExtensibilityGlobals) = postSolution
		SolutionGuid = {6893A173-3954-47CD-8B91-BBDC6C9DF8D5}
	EndGlobalSection
EndGlobal
